// !$*UTF8*$!
{
	archiveVersion = 1;
	classes = {
	};
	objectVersion = 51;
	objects = {

/* Begin PBXBuildFile section */
		D65740C724D3FAC800AB74EA /* APIService.swift in Sources */ = {isa = PBXBuildFile; fileRef = D65740C624D3FAC800AB74EA /* APIService.swift */; };
		D65740CE24D84D9A00AB74EA /* Pods_MovieService.framework in Frameworks */ = {isa = PBXBuildFile; fileRef = E06F307A21342DFC4936FB1B /* Pods_MovieService.framework */; };
		D65740CF24D84D9A00AB74EA /* Pods_MovieService.framework in Embed Frameworks */ = {isa = PBXBuildFile; fileRef = E06F307A21342DFC4936FB1B /* Pods_MovieService.framework */; settings = {ATTRIBUTES = (CodeSignOnCopy, RemoveHeadersOnCopy, ); }; };
		D657410A24DAA13B00AB74EA /* DetailVC.swift in Sources */ = {isa = PBXBuildFile; fileRef = D657410924DAA13B00AB74EA /* DetailVC.swift */; };
		D657410C24DAC67500AB74EA /* MovieCell.swift in Sources */ = {isa = PBXBuildFile; fileRef = D657410B24DAC67500AB74EA /* MovieCell.swift */; };
		D69A9A5924C6A7C300378B81 /* AppDelegate.swift in Sources */ = {isa = PBXBuildFile; fileRef = D69A9A5824C6A7C300378B81 /* AppDelegate.swift */; };
		D69A9A5B24C6A7C300378B81 /* SceneDelegate.swift in Sources */ = {isa = PBXBuildFile; fileRef = D69A9A5A24C6A7C300378B81 /* SceneDelegate.swift */; };
		D69A9A5D24C6A7C300378B81 /* MainPageVC.swift in Sources */ = {isa = PBXBuildFile; fileRef = D69A9A5C24C6A7C300378B81 /* MainPageVC.swift */; };
		D69A9A6224C6A7C400378B81 /* Assets.xcassets in Resources */ = {isa = PBXBuildFile; fileRef = D69A9A6124C6A7C400378B81 /* Assets.xcassets */; };
		D69A9A6D24C6B2B600378B81 /* MovieReloadViewModel.swift in Sources */ = {isa = PBXBuildFile; fileRef = D69A9A6C24C6B2B600378B81 /* MovieReloadViewModel.swift */; };
		D69A9A6F24C6B34E00378B81 /* Extension.swift in Sources */ = {isa = PBXBuildFile; fileRef = D69A9A6E24C6B34E00378B81 /* Extension.swift */; };
		D69A9A7524C6B50200378B81 /* Main.storyboard in Resources */ = {isa = PBXBuildFile; fileRef = D69A9A7424C6B50200378B81 /* Main.storyboard */; };
		D69A9A7724C6B51500378B81 /* LaunchScreen.storyboard in Resources */ = {isa = PBXBuildFile; fileRef = D69A9A7624C6B51500378B81 /* LaunchScreen.storyboard */; };
		D69A9A7924C6C40100378B81 /* MyPage.storyboard in Resources */ = {isa = PBXBuildFile; fileRef = D69A9A7824C6C40100378B81 /* MyPage.storyboard */; };
		D69A9A7B24C6C42500378B81 /* MainPage.storyboard in Resources */ = {isa = PBXBuildFile; fileRef = D69A9A7A24C6C42500378B81 /* MainPage.storyboard */; };
		D69A9A7D24C6C42D00378B81 /* SearchPage.storyboard in Resources */ = {isa = PBXBuildFile; fileRef = D69A9A7C24C6C42D00378B81 /* SearchPage.storyboard */; };
		D69A9A7F24C6C53F00378B81 /* SearchPageVC.swift in Sources */ = {isa = PBXBuildFile; fileRef = D69A9A7E24C6C53F00378B81 /* SearchPageVC.swift */; };
		D69A9A8124C6C59000378B81 /* MyPageVC.swift in Sources */ = {isa = PBXBuildFile; fileRef = D69A9A8024C6C59000378B81 /* MyPageVC.swift */; };
		D69A9A8324C6D93A00378B81 /* LoginVC.swift in Sources */ = {isa = PBXBuildFile; fileRef = D69A9A8224C6D93A00378B81 /* LoginVC.swift */; };
		D69A9A8524C71C7200378B81 /* RegisterVC.swift in Sources */ = {isa = PBXBuildFile; fileRef = D69A9A8424C71C7200378B81 /* RegisterVC.swift */; };
		D6EA284424D004250034149C /* MovieViewModel.swift in Sources */ = {isa = PBXBuildFile; fileRef = D6EA284324D004250034149C /* MovieViewModel.swift */; };
		D6EA284624D00BF60034149C /* RecommendViewModel.swift in Sources */ = {isa = PBXBuildFile; fileRef = D6EA284524D00BF60034149C /* RecommendViewModel.swift */; };
		D6FC66A424CAD38E00EEFC8F /* GoogleService-Info.plist in Resources */ = {isa = PBXBuildFile; fileRef = D6FC66A324CAD38D00EEFC8F /* GoogleService-Info.plist */; };
/* End PBXBuildFile section */

/* Begin PBXCopyFilesBuildPhase section */
		D65740D024D84D9A00AB74EA /* Embed Frameworks */ = {
			isa = PBXCopyFilesBuildPhase;
			buildActionMask = 2147483647;
			dstPath = "";
			dstSubfolderSpec = 10;
			files = (
				D65740CF24D84D9A00AB74EA /* Pods_MovieService.framework in Embed Frameworks */,
			);
			name = "Embed Frameworks";
			runOnlyForDeploymentPostprocessing = 0;
		};
/* End PBXCopyFilesBuildPhase section */

/* Begin PBXFileReference section */
		62A3DD56AA6370F42A637553 /* Pods-MovieService.release.xcconfig */ = {isa = PBXFileReference; includeInIndex = 1; lastKnownFileType = text.xcconfig; name = "Pods-MovieService.release.xcconfig"; path = "Target Support Files/Pods-MovieService/Pods-MovieService.release.xcconfig"; sourceTree = "<group>"; };
		7DF3DB50E437A4B7AFDBA29D /* Pods-MovieService.debug.xcconfig */ = {isa = PBXFileReference; includeInIndex = 1; lastKnownFileType = text.xcconfig; name = "Pods-MovieService.debug.xcconfig"; path = "Target Support Files/Pods-MovieService/Pods-MovieService.debug.xcconfig"; sourceTree = "<group>"; };
		D65740C624D3FAC800AB74EA /* APIService.swift */ = {isa = PBXFileReference; lastKnownFileType = sourcecode.swift; path = APIService.swift; sourceTree = "<group>"; };
		D657410924DAA13B00AB74EA /* DetailVC.swift */ = {isa = PBXFileReference; lastKnownFileType = sourcecode.swift; path = DetailVC.swift; sourceTree = "<group>"; };
		D657410B24DAC67500AB74EA /* MovieCell.swift */ = {isa = PBXFileReference; lastKnownFileType = sourcecode.swift; path = MovieCell.swift; sourceTree = "<group>"; };
		D69A9A5524C6A7C300378B81 /* MovieService.app */ = {isa = PBXFileReference; explicitFileType = wrapper.application; includeInIndex = 0; path = MovieService.app; sourceTree = BUILT_PRODUCTS_DIR; };
		D69A9A5824C6A7C300378B81 /* AppDelegate.swift */ = {isa = PBXFileReference; lastKnownFileType = sourcecode.swift; path = AppDelegate.swift; sourceTree = "<group>"; };
		D69A9A5A24C6A7C300378B81 /* SceneDelegate.swift */ = {isa = PBXFileReference; lastKnownFileType = sourcecode.swift; path = SceneDelegate.swift; sourceTree = "<group>"; };
		D69A9A5C24C6A7C300378B81 /* MainPageVC.swift */ = {isa = PBXFileReference; lastKnownFileType = sourcecode.swift; path = MainPageVC.swift; sourceTree = "<group>"; };
		D69A9A6124C6A7C400378B81 /* Assets.xcassets */ = {isa = PBXFileReference; lastKnownFileType = folder.assetcatalog; path = Assets.xcassets; sourceTree = "<group>"; };
		D69A9A6624C6A7C400378B81 /* Info.plist */ = {isa = PBXFileReference; lastKnownFileType = text.plist.xml; path = Info.plist; sourceTree = "<group>"; };
		D69A9A6C24C6B2B600378B81 /* MovieReloadViewModel.swift */ = {isa = PBXFileReference; lastKnownFileType = sourcecode.swift; path = MovieReloadViewModel.swift; sourceTree = "<group>"; };
		D69A9A6E24C6B34E00378B81 /* Extension.swift */ = {isa = PBXFileReference; lastKnownFileType = sourcecode.swift; path = Extension.swift; sourceTree = "<group>"; };
		D69A9A7424C6B50200378B81 /* Main.storyboard */ = {isa = PBXFileReference; lastKnownFileType = file.storyboard; name = Main.storyboard; path = MovieService/View/Base/Main.storyboard; sourceTree = SOURCE_ROOT; };
		D69A9A7624C6B51500378B81 /* LaunchScreen.storyboard */ = {isa = PBXFileReference; lastKnownFileType = file.storyboard; name = LaunchScreen.storyboard; path = MovieService/View/Base/LaunchScreen.storyboard; sourceTree = SOURCE_ROOT; };
		D69A9A7824C6C40100378B81 /* MyPage.storyboard */ = {isa = PBXFileReference; lastKnownFileType = file.storyboard; path = MyPage.storyboard; sourceTree = "<group>"; };
		D69A9A7A24C6C42500378B81 /* MainPage.storyboard */ = {isa = PBXFileReference; lastKnownFileType = file.storyboard; path = MainPage.storyboard; sourceTree = "<group>"; };
		D69A9A7C24C6C42D00378B81 /* SearchPage.storyboard */ = {isa = PBXFileReference; lastKnownFileType = file.storyboard; path = SearchPage.storyboard; sourceTree = "<group>"; };
		D69A9A7E24C6C53F00378B81 /* SearchPageVC.swift */ = {isa = PBXFileReference; lastKnownFileType = sourcecode.swift; path = SearchPageVC.swift; sourceTree = "<group>"; };
		D69A9A8024C6C59000378B81 /* MyPageVC.swift */ = {isa = PBXFileReference; lastKnownFileType = sourcecode.swift; path = MyPageVC.swift; sourceTree = "<group>"; };
		D69A9A8224C6D93A00378B81 /* LoginVC.swift */ = {isa = PBXFileReference; lastKnownFileType = sourcecode.swift; path = LoginVC.swift; sourceTree = "<group>"; };
		D69A9A8424C71C7200378B81 /* RegisterVC.swift */ = {isa = PBXFileReference; lastKnownFileType = sourcecode.swift; path = RegisterVC.swift; sourceTree = "<group>"; };
		D6EA284324D004250034149C /* MovieViewModel.swift */ = {isa = PBXFileReference; lastKnownFileType = sourcecode.swift; path = MovieViewModel.swift; sourceTree = "<group>"; };
		D6EA284524D00BF60034149C /* RecommendViewModel.swift */ = {isa = PBXFileReference; lastKnownFileType = sourcecode.swift; path = RecommendViewModel.swift; sourceTree = "<group>"; };
		D6FC66A324CAD38D00EEFC8F /* GoogleService-Info.plist */ = {isa = PBXFileReference; fileEncoding = 4; lastKnownFileType = text.plist.xml; name = "GoogleService-Info.plist"; path = "../../../../../Downloads/GoogleService-Info.plist"; sourceTree = "<group>"; };
		E06F307A21342DFC4936FB1B /* Pods_MovieService.framework */ = {isa = PBXFileReference; explicitFileType = wrapper.framework; includeInIndex = 0; path = Pods_MovieService.framework; sourceTree = BUILT_PRODUCTS_DIR; };
/* End PBXFileReference section */

/* Begin PBXFrameworksBuildPhase section */
		D69A9A5224C6A7C300378B81 /* Frameworks */ = {
			isa = PBXFrameworksBuildPhase;
			buildActionMask = 2147483647;
			files = (
				D65740CE24D84D9A00AB74EA /* Pods_MovieService.framework in Frameworks */,
			);
			runOnlyForDeploymentPostprocessing = 0;
		};
/* End PBXFrameworksBuildPhase section */

/* Begin PBXGroup section */
		1051F4656727C286BCCA646C /* Frameworks */ = {
			isa = PBXGroup;
			children = (
				E06F307A21342DFC4936FB1B /* Pods_MovieService.framework */,
			);
			name = Frameworks;
			sourceTree = "<group>";
		};
		19CE1B9070C69A8892C78AF7 /* Pods */ = {
			isa = PBXGroup;
			children = (
				7DF3DB50E437A4B7AFDBA29D /* Pods-MovieService.debug.xcconfig */,
				62A3DD56AA6370F42A637553 /* Pods-MovieService.release.xcconfig */,
			);
			path = Pods;
			sourceTree = "<group>";
		};
		D65740F924D96C6C00AB74EA /* Networking */ = {
			isa = PBXGroup;
			children = (
				D65740C624D3FAC800AB74EA /* APIService.swift */,
			);
			path = Networking;
			sourceTree = "<group>";
		};
		D69A9A4C24C6A7C300378B81 = {
			isa = PBXGroup;
			children = (
				D69A9A5724C6A7C300378B81 /* MovieService */,
				D69A9A5624C6A7C300378B81 /* Products */,
				19CE1B9070C69A8892C78AF7 /* Pods */,
				1051F4656727C286BCCA646C /* Frameworks */,
			);
			sourceTree = "<group>";
		};
		D69A9A5624C6A7C300378B81 /* Products */ = {
			isa = PBXGroup;
			children = (
				D69A9A5524C6A7C300378B81 /* MovieService.app */,
			);
			name = Products;
			sourceTree = "<group>";
		};
		D69A9A5724C6A7C300378B81 /* MovieService */ = {
			isa = PBXGroup;
			children = (
				D69A9A6624C6A7C400378B81 /* Info.plist */,
				D6FC66A324CAD38D00EEFC8F /* GoogleService-Info.plist */,
				D69A9A5824C6A7C300378B81 /* AppDelegate.swift */,
				D69A9A5A24C6A7C300378B81 /* SceneDelegate.swift */,
				D69A9A6124C6A7C400378B81 /* Assets.xcassets */,
				D69A9A7224C6B41300378B81 /* View */,
				D69A9A7024C6B3A200378B81 /* Extension */,
				D69A9A7124C6B3ED00378B81 /* ViewModel */,
				D65740F924D96C6C00AB74EA /* Networking */,
			);
			path = MovieService;
			sourceTree = "<group>";
		};
		D69A9A7024C6B3A200378B81 /* Extension */ = {
			isa = PBXGroup;
			children = (
				D69A9A6E24C6B34E00378B81 /* Extension.swift */,
			);
			path = Extension;
			sourceTree = "<group>";
		};
		D69A9A7124C6B3ED00378B81 /* ViewModel */ = {
			isa = PBXGroup;
			children = (
				D69A9A6C24C6B2B600378B81 /* MovieReloadViewModel.swift */,
				D6EA284324D004250034149C /* MovieViewModel.swift */,
				D6EA284524D00BF60034149C /* RecommendViewModel.swift */,
			);
			path = ViewModel;
			sourceTree = "<group>";
		};
		D69A9A7224C6B41300378B81 /* View */ = {
			isa = PBXGroup;
			children = (
				D69A9A5C24C6A7C300378B81 /* MainPageVC.swift */,
				D69A9A7E24C6C53F00378B81 /* SearchPageVC.swift */,
				D69A9A8024C6C59000378B81 /* MyPageVC.swift */,
				D69A9A8224C6D93A00378B81 /* LoginVC.swift */,
				D657410924DAA13B00AB74EA /* DetailVC.swift */,
				D69A9A8424C71C7200378B81 /* RegisterVC.swift */,
				D657410B24DAC67500AB74EA /* MovieCell.swift */,
				D69A9A7324C6B49600378B81 /* Base */,
			);
			path = View;
			sourceTree = "<group>";
		};
		D69A9A7324C6B49600378B81 /* Base */ = {
			isa = PBXGroup;
			children = (
				D69A9A7424C6B50200378B81 /* Main.storyboard */,
				D69A9A7824C6C40100378B81 /* MyPage.storyboard */,
				D69A9A7A24C6C42500378B81 /* MainPage.storyboard */,
				D69A9A7C24C6C42D00378B81 /* SearchPage.storyboard */,
				D69A9A7624C6B51500378B81 /* LaunchScreen.storyboard */,
			);
			path = Base;
			sourceTree = "<group>";
		};
/* End PBXGroup section */

/* Begin PBXNativeTarget section */
		D69A9A5424C6A7C300378B81 /* MovieService */ = {
			isa = PBXNativeTarget;
			buildConfigurationList = D69A9A6924C6A7C400378B81 /* Build configuration list for PBXNativeTarget "MovieService" */;
			buildPhases = (
				D0D596920BC96C56BBD19ADB /* [CP] Check Pods Manifest.lock */,
				D69A9A5124C6A7C300378B81 /* Sources */,
				D69A9A5224C6A7C300378B81 /* Frameworks */,
				D69A9A5324C6A7C300378B81 /* Resources */,
				C173C219DD0C2C0688BE9E68 /* [CP] Embed Pods Frameworks */,
				D65740D024D84D9A00AB74EA /* Embed Frameworks */,
			);
			buildRules = (
			);
			dependencies = (
			);
			name = MovieService;
			productName = MovieService;
			productReference = D69A9A5524C6A7C300378B81 /* MovieService.app */;
			productType = "com.apple.product-type.application";
		};
/* End PBXNativeTarget section */

/* Begin PBXProject section */
		D69A9A4D24C6A7C300378B81 /* Project object */ = {
			isa = PBXProject;
			attributes = {
				LastSwiftUpdateCheck = 1150;
				LastUpgradeCheck = 1150;
				ORGANIZATIONNAME = "이현욱";
				TargetAttributes = {
					D69A9A5424C6A7C300378B81 = {
						CreatedOnToolsVersion = 11.5;
					};
				};
			};
			buildConfigurationList = D69A9A5024C6A7C300378B81 /* Build configuration list for PBXProject "MovieService" */;
			compatibilityVersion = "Xcode 9.3";
			developmentRegion = en;
			hasScannedForEncodings = 0;
			knownRegions = (
				en,
				Base,
			);
			mainGroup = D69A9A4C24C6A7C300378B81;
			productRefGroup = D69A9A5624C6A7C300378B81 /* Products */;
			projectDirPath = "";
			projectRoot = "";
			targets = (
				D69A9A5424C6A7C300378B81 /* MovieService */,
			);
		};
/* End PBXProject section */

/* Begin PBXResourcesBuildPhase section */
		D69A9A5324C6A7C300378B81 /* Resources */ = {
			isa = PBXResourcesBuildPhase;
			buildActionMask = 2147483647;
			files = (
				D69A9A7724C6B51500378B81 /* LaunchScreen.storyboard in Resources */,
				D69A9A6224C6A7C400378B81 /* Assets.xcassets in Resources */,
				D69A9A7B24C6C42500378B81 /* MainPage.storyboard in Resources */,
				D69A9A7D24C6C42D00378B81 /* SearchPage.storyboard in Resources */,
				D69A9A7524C6B50200378B81 /* Main.storyboard in Resources */,
				D69A9A7924C6C40100378B81 /* MyPage.storyboard in Resources */,
				D6FC66A424CAD38E00EEFC8F /* GoogleService-Info.plist in Resources */,
			);
			runOnlyForDeploymentPostprocessing = 0;
		};
/* End PBXResourcesBuildPhase section */

/* Begin PBXShellScriptBuildPhase section */
		C173C219DD0C2C0688BE9E68 /* [CP] Embed Pods Frameworks */ = {
			isa = PBXShellScriptBuildPhase;
			buildActionMask = 2147483647;
			files = (
			);
			inputFileListPaths = (
				"${PODS_ROOT}/Target Support Files/Pods-MovieService/Pods-MovieService-frameworks-${CONFIGURATION}-input-files.xcfilelist",
			);
			name = "[CP] Embed Pods Frameworks";
			outputFileListPaths = (
				"${PODS_ROOT}/Target Support Files/Pods-MovieService/Pods-MovieService-frameworks-${CONFIGURATION}-output-files.xcfilelist",
			);
			runOnlyForDeploymentPostprocessing = 0;
			shellPath = /bin/sh;
			shellScript = "\"${PODS_ROOT}/Target Support Files/Pods-MovieService/Pods-MovieService-frameworks.sh\"\n";
			showEnvVarsInLog = 0;
		};
		D0D596920BC96C56BBD19ADB /* [CP] Check Pods Manifest.lock */ = {
			isa = PBXShellScriptBuildPhase;
			buildActionMask = 2147483647;
			files = (
			);
			inputFileListPaths = (
			);
			inputPaths = (
				"${PODS_PODFILE_DIR_PATH}/Podfile.lock",
				"${PODS_ROOT}/Manifest.lock",
			);
			name = "[CP] Check Pods Manifest.lock";
			outputFileListPaths = (
			);
			outputPaths = (
				"$(DERIVED_FILE_DIR)/Pods-MovieService-checkManifestLockResult.txt",
			);
			runOnlyForDeploymentPostprocessing = 0;
			shellPath = /bin/sh;
			shellScript = "diff \"${PODS_PODFILE_DIR_PATH}/Podfile.lock\" \"${PODS_ROOT}/Manifest.lock\" > /dev/null\nif [ $? != 0 ] ; then\n    # print error to STDERR\n    echo \"error: The sandbox is not in sync with the Podfile.lock. Run 'pod install' or update your CocoaPods installation.\" >&2\n    exit 1\nfi\n# This output is used by Xcode 'outputs' to avoid re-running this script phase.\necho \"SUCCESS\" > \"${SCRIPT_OUTPUT_FILE_0}\"\n";
			showEnvVarsInLog = 0;
		};
/* End PBXShellScriptBuildPhase section */

/* Begin PBXSourcesBuildPhase section */
		D69A9A5124C6A7C300378B81 /* Sources */ = {
			isa = PBXSourcesBuildPhase;
			buildActionMask = 2147483647;
			files = (
				D69A9A7F24C6C53F00378B81 /* SearchPageVC.swift in Sources */,
				D69A9A6F24C6B34E00378B81 /* Extension.swift in Sources */,
				D69A9A8324C6D93A00378B81 /* LoginVC.swift in Sources */,
				D69A9A5D24C6A7C300378B81 /* MainPageVC.swift in Sources */,
				D657410C24DAC67500AB74EA /* MovieCell.swift in Sources */,
				D69A9A5924C6A7C300378B81 /* AppDelegate.swift in Sources */,
				D69A9A8124C6C59000378B81 /* MyPageVC.swift in Sources */,
				D69A9A8524C71C7200378B81 /* RegisterVC.swift in Sources */,
				D6EA284424D004250034149C /* MovieViewModel.swift in Sources */,
				D65740C724D3FAC800AB74EA /* APIService.swift in Sources */,
				D69A9A5B24C6A7C300378B81 /* SceneDelegate.swift in Sources */,
				D6EA284624D00BF60034149C /* RecommendViewModel.swift in Sources */,
				D69A9A6D24C6B2B600378B81 /* MovieReloadViewModel.swift in Sources */,
				D657410A24DAA13B00AB74EA /* DetailVC.swift in Sources */,
			);
			runOnlyForDeploymentPostprocessing = 0;
		};
/* End PBXSourcesBuildPhase section */

/* Begin XCBuildConfiguration section */
		D69A9A6724C6A7C400378B81 /* Debug */ = {
			isa = XCBuildConfiguration;
			buildSettings = {
				ALWAYS_SEARCH_USER_PATHS = NO;
				CLANG_ANALYZER_NONNULL = YES;
				CLANG_ANALYZER_NUMBER_OBJECT_CONVERSION = YES_AGGRESSIVE;
				CLANG_CXX_LANGUAGE_STANDARD = "gnu++14";
				CLANG_CXX_LIBRARY = "libc++";
				CLANG_ENABLE_MODULES = YES;
				CLANG_ENABLE_OBJC_ARC = YES;
				CLANG_ENABLE_OBJC_WEAK = YES;
				CLANG_WARN_BLOCK_CAPTURE_AUTORELEASING = YES;
				CLANG_WARN_BOOL_CONVERSION = YES;
				CLANG_WARN_COMMA = YES;
				CLANG_WARN_CONSTANT_CONVERSION = YES;
				CLANG_WARN_DEPRECATED_OBJC_IMPLEMENTATIONS = YES;
				CLANG_WARN_DIRECT_OBJC_ISA_USAGE = YES_ERROR;
				CLANG_WARN_DOCUMENTATION_COMMENTS = YES;
				CLANG_WARN_EMPTY_BODY = YES;
				CLANG_WARN_ENUM_CONVERSION = YES;
				CLANG_WARN_INFINITE_RECURSION = YES;
				CLANG_WARN_INT_CONVERSION = YES;
				CLANG_WARN_NON_LITERAL_NULL_CONVERSION = YES;
				CLANG_WARN_OBJC_IMPLICIT_RETAIN_SELF = YES;
				CLANG_WARN_OBJC_LITERAL_CONVERSION = YES;
				CLANG_WARN_OBJC_ROOT_CLASS = YES_ERROR;
				CLANG_WARN_RANGE_LOOP_ANALYSIS = YES;
				CLANG_WARN_STRICT_PROTOTYPES = YES;
				CLANG_WARN_SUSPICIOUS_MOVE = YES;
				CLANG_WARN_UNGUARDED_AVAILABILITY = YES_AGGRESSIVE;
				CLANG_WARN_UNREACHABLE_CODE = YES;
				CLANG_WARN__DUPLICATE_METHOD_MATCH = YES;
				COPY_PHASE_STRIP = NO;
				DEBUG_INFORMATION_FORMAT = dwarf;
				ENABLE_STRICT_OBJC_MSGSEND = YES;
				ENABLE_TESTABILITY = YES;
				GCC_C_LANGUAGE_STANDARD = gnu11;
				GCC_DYNAMIC_NO_PIC = NO;
				GCC_NO_COMMON_BLOCKS = YES;
				GCC_OPTIMIZATION_LEVEL = 0;
				GCC_PREPROCESSOR_DEFINITIONS = (
					"DEBUG=1",
					"$(inherited)",
				);
				GCC_WARN_64_TO_32_BIT_CONVERSION = YES;
				GCC_WARN_ABOUT_RETURN_TYPE = YES_ERROR;
				GCC_WARN_UNDECLARED_SELECTOR = YES;
				GCC_WARN_UNINITIALIZED_AUTOS = YES_AGGRESSIVE;
				GCC_WARN_UNUSED_FUNCTION = YES;
				GCC_WARN_UNUSED_VARIABLE = YES;
				IPHONEOS_DEPLOYMENT_TARGET = 13.5;
				MTL_ENABLE_DEBUG_INFO = INCLUDE_SOURCE;
				MTL_FAST_MATH = YES;
				ONLY_ACTIVE_ARCH = YES;
				SDKROOT = iphoneos;
				SWIFT_ACTIVE_COMPILATION_CONDITIONS = DEBUG;
				SWIFT_OPTIMIZATION_LEVEL = "-Onone";
			};
			name = Debug;
		};
		D69A9A6824C6A7C400378B81 /* Release */ = {
			isa = XCBuildConfiguration;
			buildSettings = {
				ALWAYS_SEARCH_USER_PATHS = NO;
				CLANG_ANALYZER_NONNULL = YES;
				CLANG_ANALYZER_NUMBER_OBJECT_CONVERSION = YES_AGGRESSIVE;
				CLANG_CXX_LANGUAGE_STANDARD = "gnu++14";
				CLANG_CXX_LIBRARY = "libc++";
				CLANG_ENABLE_MODULES = YES;
				CLANG_ENABLE_OBJC_ARC = YES;
				CLANG_ENABLE_OBJC_WEAK = YES;
				CLANG_WARN_BLOCK_CAPTURE_AUTORELEASING = YES;
				CLANG_WARN_BOOL_CONVERSION = YES;
				CLANG_WARN_COMMA = YES;
				CLANG_WARN_CONSTANT_CONVERSION = YES;
				CLANG_WARN_DEPRECATED_OBJC_IMPLEMENTATIONS = YES;
				CLANG_WARN_DIRECT_OBJC_ISA_USAGE = YES_ERROR;
				CLANG_WARN_DOCUMENTATION_COMMENTS = YES;
				CLANG_WARN_EMPTY_BODY = YES;
				CLANG_WARN_ENUM_CONVERSION = YES;
				CLANG_WARN_INFINITE_RECURSION = YES;
				CLANG_WARN_INT_CONVERSION = YES;
				CLANG_WARN_NON_LITERAL_NULL_CONVERSION = YES;
				CLANG_WARN_OBJC_IMPLICIT_RETAIN_SELF = YES;
				CLANG_WARN_OBJC_LITERAL_CONVERSION = YES;
				CLANG_WARN_OBJC_ROOT_CLASS = YES_ERROR;
				CLANG_WARN_RANGE_LOOP_ANALYSIS = YES;
				CLANG_WARN_STRICT_PROTOTYPES = YES;
				CLANG_WARN_SUSPICIOUS_MOVE = YES;
				CLANG_WARN_UNGUARDED_AVAILABILITY = YES_AGGRESSIVE;
				CLANG_WARN_UNREACHABLE_CODE = YES;
				CLANG_WARN__DUPLICATE_METHOD_MATCH = YES;
				COPY_PHASE_STRIP = NO;
				DEBUG_INFORMATION_FORMAT = "dwarf-with-dsym";
				ENABLE_NS_ASSERTIONS = NO;
				ENABLE_STRICT_OBJC_MSGSEND = YES;
				GCC_C_LANGUAGE_STANDARD = gnu11;
				GCC_NO_COMMON_BLOCKS = YES;
				GCC_WARN_64_TO_32_BIT_CONVERSION = YES;
				GCC_WARN_ABOUT_RETURN_TYPE = YES_ERROR;
				GCC_WARN_UNDECLARED_SELECTOR = YES;
				GCC_WARN_UNINITIALIZED_AUTOS = YES_AGGRESSIVE;
				GCC_WARN_UNUSED_FUNCTION = YES;
				GCC_WARN_UNUSED_VARIABLE = YES;
				IPHONEOS_DEPLOYMENT_TARGET = 13.5;
				MTL_ENABLE_DEBUG_INFO = NO;
				MTL_FAST_MATH = YES;
				SDKROOT = iphoneos;
				SWIFT_COMPILATION_MODE = wholemodule;
				SWIFT_OPTIMIZATION_LEVEL = "-O";
				VALIDATE_PRODUCT = YES;
			};
			name = Release;
		};
		D69A9A6A24C6A7C400378B81 /* Debug */ = {
			isa = XCBuildConfiguration;
			baseConfigurationReference = 7DF3DB50E437A4B7AFDBA29D /* Pods-MovieService.debug.xcconfig */;
			buildSettings = {
				ASSETCATALOG_COMPILER_APPICON_NAME = AppIcon;
				CODE_SIGN_STYLE = Automatic;
				DEVELOPMENT_TEAM = D49753ZB3N;
				INFOPLIST_FILE = MovieService/Info.plist;
				LD_RUNPATH_SEARCH_PATHS = (
					"$(inherited)",
					"@executable_path/Frameworks",
				);
				PRODUCT_BUNDLE_IDENTIFIER = personal.MovieService;
				PRODUCT_NAME = "$(TARGET_NAME)";
				SWIFT_VERSION = 5.0;
				TARGETED_DEVICE_FAMILY = "1,2";
			};
			name = Debug;
		};
		D69A9A6B24C6A7C400378B81 /* Release */ = {
			isa = XCBuildConfiguration;
			baseConfigurationReference = 62A3DD56AA6370F42A637553 /* Pods-MovieService.release.xcconfig */;
			buildSettings = {
				ASSETCATALOG_COMPILER_APPICON_NAME = AppIcon;
				CODE_SIGN_STYLE = Automatic;
				DEVELOPMENT_TEAM = D49753ZB3N;
				INFOPLIST_FILE = MovieService/Info.plist;
				LD_RUNPATH_SEARCH_PATHS = (
					"$(inherited)",
					"@executable_path/Frameworks",
				);
				PRODUCT_BUNDLE_IDENTIFIER = personal.MovieService;
				PRODUCT_NAME = "$(TARGET_NAME)";
				SWIFT_VERSION = 5.0;
				TARGETED_DEVICE_FAMILY = "1,2";
			};
			name = Release;
		};
/* End XCBuildConfiguration section */

/* Begin XCConfigurationList section */
		D69A9A5024C6A7C300378B81 /* Build configuration list for PBXProject "MovieService" */ = {
			isa = XCConfigurationList;
			buildConfigurations = (
				D69A9A6724C6A7C400378B81 /* Debug */,
				D69A9A6824C6A7C400378B81 /* Release */,
			);
			defaultConfigurationIsVisible = 0;
			defaultConfigurationName = Release;
		};
		D69A9A6924C6A7C400378B81 /* Build configuration list for PBXNativeTarget "MovieService" */ = {
			isa = XCConfigurationList;
			buildConfigurations = (
				D69A9A6A24C6A7C400378B81 /* Debug */,
				D69A9A6B24C6A7C400378B81 /* Release */,
			);
			defaultConfigurationIsVisible = 0;
			defaultConfigurationName = Release;
		};
/* End XCConfigurationList section */
	};
	rootObject = D69A9A4D24C6A7C300378B81 /* Project object */;
}
