// !$*UTF8*$!
{
	archiveVersion = 1;
	classes = {
	};
	objectVersion = 50;
	objects = {

/* Begin PBXBuildFile section */
		D64FF28424ADF3580009A4F6 /* UserNotiAndMapVC.swift in Sources */ = {isa = PBXBuildFile; fileRef = D64FF28324ADF3580009A4F6 /* UserNotiAndMapVC.swift */; };
		D64FF28824B355A40009A4F6 /* MainVC.swift in Sources */ = {isa = PBXBuildFile; fileRef = D64FF28724B355A40009A4F6 /* MainVC.swift */; };
		D64FF28E24B3EE000009A4F6 /* WebKit.framework in Frameworks */ = {isa = PBXBuildFile; fileRef = D64FF28D24B3EE000009A4F6 /* WebKit.framework */; };
		D654343B249C4A2400320FA4 /* AppDelegate.swift in Sources */ = {isa = PBXBuildFile; fileRef = D654343A249C4A2400320FA4 /* AppDelegate.swift */; };
		D654343D249C4A2400320FA4 /* SceneDelegate.swift in Sources */ = {isa = PBXBuildFile; fileRef = D654343C249C4A2400320FA4 /* SceneDelegate.swift */; };
		D654343F249C4A2400320FA4 /* WebVC.swift in Sources */ = {isa = PBXBuildFile; fileRef = D654343E249C4A2400320FA4 /* WebVC.swift */; };
		D6543442249C4A2400320FA4 /* Main.storyboard in Resources */ = {isa = PBXBuildFile; fileRef = D6543440249C4A2400320FA4 /* Main.storyboard */; };
		D6543444249C4A2700320FA4 /* Assets.xcassets in Resources */ = {isa = PBXBuildFile; fileRef = D6543443249C4A2700320FA4 /* Assets.xcassets */; };
		D6543447249C4A2700320FA4 /* LaunchScreen.storyboard in Resources */ = {isa = PBXBuildFile; fileRef = D6543445249C4A2700320FA4 /* LaunchScreen.storyboard */; };
		D6543452249C4A2700320FA4 /* MapAndWepKitUITests.swift in Sources */ = {isa = PBXBuildFile; fileRef = D6543451249C4A2700320FA4 /* MapAndWepKitUITests.swift */; };
/* End PBXBuildFile section */

/* Begin PBXContainerItemProxy section */
		D654344E249C4A2700320FA4 /* PBXContainerItemProxy */ = {
			isa = PBXContainerItemProxy;
			containerPortal = D654342F249C4A2400320FA4 /* Project object */;
			proxyType = 1;
			remoteGlobalIDString = D6543436249C4A2400320FA4;
			remoteInfo = MapAndWepKit;
		};
/* End PBXContainerItemProxy section */

/* Begin PBXFileReference section */
		D64FF28324ADF3580009A4F6 /* UserNotiAndMapVC.swift */ = {isa = PBXFileReference; lastKnownFileType = sourcecode.swift; path = UserNotiAndMapVC.swift; sourceTree = "<group>"; };
		D64FF28724B355A40009A4F6 /* MainVC.swift */ = {isa = PBXFileReference; lastKnownFileType = sourcecode.swift; path = MainVC.swift; sourceTree = "<group>"; };
		D64FF28D24B3EE000009A4F6 /* WebKit.framework */ = {isa = PBXFileReference; lastKnownFileType = wrapper.framework; name = WebKit.framework; path = System/Library/Frameworks/WebKit.framework; sourceTree = SDKROOT; };
		D6543437249C4A2400320FA4 /* MapAndWepKit.app */ = {isa = PBXFileReference; explicitFileType = wrapper.application; includeInIndex = 0; path = MapAndWepKit.app; sourceTree = BUILT_PRODUCTS_DIR; };
		D654343A249C4A2400320FA4 /* AppDelegate.swift */ = {isa = PBXFileReference; lastKnownFileType = sourcecode.swift; path = AppDelegate.swift; sourceTree = "<group>"; };
		D654343C249C4A2400320FA4 /* SceneDelegate.swift */ = {isa = PBXFileReference; lastKnownFileType = sourcecode.swift; path = SceneDelegate.swift; sourceTree = "<group>"; };
		D654343E249C4A2400320FA4 /* WebVC.swift */ = {isa = PBXFileReference; lastKnownFileType = sourcecode.swift; path = WebVC.swift; sourceTree = "<group>"; };
		D6543441249C4A2400320FA4 /* Base */ = {isa = PBXFileReference; lastKnownFileType = file.storyboard; name = Base; path = Base.lproj/Main.storyboard; sourceTree = "<group>"; };
		D6543443249C4A2700320FA4 /* Assets.xcassets */ = {isa = PBXFileReference; lastKnownFileType = folder.assetcatalog; path = Assets.xcassets; sourceTree = "<group>"; };
		D6543446249C4A2700320FA4 /* Base */ = {isa = PBXFileReference; lastKnownFileType = file.storyboard; name = Base; path = Base.lproj/LaunchScreen.storyboard; sourceTree = "<group>"; };
		D6543448249C4A2700320FA4 /* Info.plist */ = {isa = PBXFileReference; lastKnownFileType = text.plist.xml; path = Info.plist; sourceTree = "<group>"; };
		D654344D249C4A2700320FA4 /* MapAndWepKitUITests.xctest */ = {isa = PBXFileReference; explicitFileType = wrapper.cfbundle; includeInIndex = 0; path = MapAndWepKitUITests.xctest; sourceTree = BUILT_PRODUCTS_DIR; };
		D6543451249C4A2700320FA4 /* MapAndWepKitUITests.swift */ = {isa = PBXFileReference; lastKnownFileType = sourcecode.swift; path = MapAndWepKitUITests.swift; sourceTree = "<group>"; };
		D6543453249C4A2700320FA4 /* Info.plist */ = {isa = PBXFileReference; lastKnownFileType = text.plist.xml; path = Info.plist; sourceTree = "<group>"; };
/* End PBXFileReference section */

/* Begin PBXFrameworksBuildPhase section */
		D6543434249C4A2400320FA4 /* Frameworks */ = {
			isa = PBXFrameworksBuildPhase;
			buildActionMask = 2147483647;
			files = (
				D64FF28E24B3EE000009A4F6 /* WebKit.framework in Frameworks */,
			);
			runOnlyForDeploymentPostprocessing = 0;
		};
		D654344A249C4A2700320FA4 /* Frameworks */ = {
			isa = PBXFrameworksBuildPhase;
			buildActionMask = 2147483647;
			files = (
			);
			runOnlyForDeploymentPostprocessing = 0;
		};
/* End PBXFrameworksBuildPhase section */

/* Begin PBXGroup section */
		D64FF28924B36BCD0009A4F6 /* VC */ = {
			isa = PBXGroup;
			children = (
				D654343E249C4A2400320FA4 /* WebVC.swift */,
				D64FF28724B355A40009A4F6 /* MainVC.swift */,
				D64FF28324ADF3580009A4F6 /* UserNotiAndMapVC.swift */,
			);
			path = VC;
			sourceTree = "<group>";
		};
		D64FF28A24B36BDE0009A4F6 /* Base */ = {
			isa = PBXGroup;
			children = (
				D6543440249C4A2400320FA4 /* Main.storyboard */,
				D6543445249C4A2700320FA4 /* LaunchScreen.storyboard */,
			);
			path = Base;
			sourceTree = "<group>";
		};
		D64FF28B24B36BE90009A4F6 /* Supporting */ = {
			isa = PBXGroup;
			children = (
				D654343A249C4A2400320FA4 /* AppDelegate.swift */,
				D654343C249C4A2400320FA4 /* SceneDelegate.swift */,
				D6543443249C4A2700320FA4 /* Assets.xcassets */,
			);
			path = Supporting;
			sourceTree = "<group>";
		};
		D64FF28C24B3EE000009A4F6 /* Frameworks */ = {
			isa = PBXGroup;
			children = (
				D64FF28D24B3EE000009A4F6 /* WebKit.framework */,
			);
			name = Frameworks;
			sourceTree = "<group>";
		};
		D654342E249C4A2300320FA4 = {
			isa = PBXGroup;
			children = (
				D6543439249C4A2400320FA4 /* MapAndWepKit */,
				D6543450249C4A2700320FA4 /* MapAndWepKitUITests */,
				D6543438249C4A2400320FA4 /* Products */,
				D64FF28C24B3EE000009A4F6 /* Frameworks */,
			);
			sourceTree = "<group>";
		};
		D6543438249C4A2400320FA4 /* Products */ = {
			isa = PBXGroup;
			children = (
				D6543437249C4A2400320FA4 /* MapAndWepKit.app */,
				D654344D249C4A2700320FA4 /* MapAndWepKitUITests.xctest */,
			);
			name = Products;
			sourceTree = "<group>";
		};
		D6543439249C4A2400320FA4 /* MapAndWepKit */ = {
			isa = PBXGroup;
			children = (
				D6543448249C4A2700320FA4 /* Info.plist */,
				D64FF28B24B36BE90009A4F6 /* Supporting */,
				D64FF28924B36BCD0009A4F6 /* VC */,
				D64FF28A24B36BDE0009A4F6 /* Base */,
			);
			path = MapAndWepKit;
			sourceTree = "<group>";
		};
		D6543450249C4A2700320FA4 /* MapAndWepKitUITests */ = {
			isa = PBXGroup;
			children = (
				D6543451249C4A2700320FA4 /* MapAndWepKitUITests.swift */,
				D6543453249C4A2700320FA4 /* Info.plist */,
			);
			path = MapAndWepKitUITests;
			sourceTree = "<group>";
		};
/* End PBXGroup section */

/* Begin PBXNativeTarget section */
		D6543436249C4A2400320FA4 /* MapAndWepKit */ = {
			isa = PBXNativeTarget;
			buildConfigurationList = D6543456249C4A2700320FA4 /* Build configuration list for PBXNativeTarget "MapAndWepKit" */;
			buildPhases = (
				D6543433249C4A2400320FA4 /* Sources */,
				D6543434249C4A2400320FA4 /* Frameworks */,
				D6543435249C4A2400320FA4 /* Resources */,
			);
			buildRules = (
			);
			dependencies = (
			);
			name = MapAndWepKit;
			productName = MapAndWepKit;
			productReference = D6543437249C4A2400320FA4 /* MapAndWepKit.app */;
			productType = "com.apple.product-type.application";
		};
		D654344C249C4A2700320FA4 /* MapAndWepKitUITests */ = {
			isa = PBXNativeTarget;
			buildConfigurationList = D6543459249C4A2700320FA4 /* Build configuration list for PBXNativeTarget "MapAndWepKitUITests" */;
			buildPhases = (
				D6543449249C4A2700320FA4 /* Sources */,
				D654344A249C4A2700320FA4 /* Frameworks */,
				D654344B249C4A2700320FA4 /* Resources */,
			);
			buildRules = (
			);
			dependencies = (
				D654344F249C4A2700320FA4 /* PBXTargetDependency */,
			);
			name = MapAndWepKitUITests;
			productName = MapAndWepKitUITests;
			productReference = D654344D249C4A2700320FA4 /* MapAndWepKitUITests.xctest */;
			productType = "com.apple.product-type.bundle.ui-testing";
		};
/* End PBXNativeTarget section */

/* Begin PBXProject section */
		D654342F249C4A2400320FA4 /* Project object */ = {
			isa = PBXProject;
			attributes = {
				LastSwiftUpdateCheck = 1150;
				LastUpgradeCheck = 1150;
				ORGANIZATIONNAME = "이현욱";
				TargetAttributes = {
					D6543436249C4A2400320FA4 = {
						CreatedOnToolsVersion = 11.5;
					};
					D654344C249C4A2700320FA4 = {
						CreatedOnToolsVersion = 11.5;
						TestTargetID = D6543436249C4A2400320FA4;
					};
				};
			};
			buildConfigurationList = D6543432249C4A2400320FA4 /* Build configuration list for PBXProject "MapAndWepKit" */;
			compatibilityVersion = "Xcode 9.3";
			developmentRegion = en;
			hasScannedForEncodings = 0;
			knownRegions = (
				en,
				Base,
			);
			mainGroup = D654342E249C4A2300320FA4;
			productRefGroup = D6543438249C4A2400320FA4 /* Products */;
			projectDirPath = "";
			projectRoot = "";
			targets = (
				D6543436249C4A2400320FA4 /* MapAndWepKit */,
				D654344C249C4A2700320FA4 /* MapAndWepKitUITests */,
			);
		};
/* End PBXProject section */

/* Begin PBXResourcesBuildPhase section */
		D6543435249C4A2400320FA4 /* Resources */ = {
			isa = PBXResourcesBuildPhase;
			buildActionMask = 2147483647;
			files = (
				D6543447249C4A2700320FA4 /* LaunchScreen.storyboard in Resources */,
				D6543444249C4A2700320FA4 /* Assets.xcassets in Resources */,
				D6543442249C4A2400320FA4 /* Main.storyboard in Resources */,
			);
			runOnlyForDeploymentPostprocessing = 0;
		};
		D654344B249C4A2700320FA4 /* Resources */ = {
			isa = PBXResourcesBuildPhase;
			buildActionMask = 2147483647;
			files = (
			);
			runOnlyForDeploymentPostprocessing = 0;
		};
/* End PBXResourcesBuildPhase section */

/* Begin PBXSourcesBuildPhase section */
		D6543433249C4A2400320FA4 /* Sources */ = {
			isa = PBXSourcesBuildPhase;
			buildActionMask = 2147483647;
			files = (
				D654343F249C4A2400320FA4 /* WebVC.swift in Sources */,
				D64FF28824B355A40009A4F6 /* MainVC.swift in Sources */,
				D64FF28424ADF3580009A4F6 /* UserNotiAndMapVC.swift in Sources */,
				D654343B249C4A2400320FA4 /* AppDelegate.swift in Sources */,
				D654343D249C4A2400320FA4 /* SceneDelegate.swift in Sources */,
			);
			runOnlyForDeploymentPostprocessing = 0;
		};
		D6543449249C4A2700320FA4 /* Sources */ = {
			isa = PBXSourcesBuildPhase;
			buildActionMask = 2147483647;
			files = (
				D6543452249C4A2700320FA4 /* MapAndWepKitUITests.swift in Sources */,
			);
			runOnlyForDeploymentPostprocessing = 0;
		};
/* End PBXSourcesBuildPhase section */

/* Begin PBXTargetDependency section */
		D654344F249C4A2700320FA4 /* PBXTargetDependency */ = {
			isa = PBXTargetDependency;
			target = D6543436249C4A2400320FA4 /* MapAndWepKit */;
			targetProxy = D654344E249C4A2700320FA4 /* PBXContainerItemProxy */;
		};
/* End PBXTargetDependency section */

/* Begin PBXVariantGroup section */
		D6543440249C4A2400320FA4 /* Main.storyboard */ = {
			isa = PBXVariantGroup;
			children = (
				D6543441249C4A2400320FA4 /* Base */,
			);
			name = Main.storyboard;
			sourceTree = "<group>";
		};
		D6543445249C4A2700320FA4 /* LaunchScreen.storyboard */ = {
			isa = PBXVariantGroup;
			children = (
				D6543446249C4A2700320FA4 /* Base */,
			);
			name = LaunchScreen.storyboard;
			sourceTree = "<group>";
		};
/* End PBXVariantGroup section */

/* Begin XCBuildConfiguration section */
		D6543454249C4A2700320FA4 /* Debug */ = {
			isa = XCBuildConfiguration;
			buildSettings = {
				ALWAYS_SEARCH_USER_PATHS = NO;
				CLANG_ANALYZER_NONNULL = YES;
				CLANG_ANALYZER_NUMBER_OBJECT_CONVERSION = YES_AGGRESSIVE;
				CLANG_CXX_LANGUAGE_STANDARD = "gnu++14";
				CLANG_CXX_LIBRARY = "libc++";
				CLANG_ENABLE_MODULES = YES;
				CLANG_ENABLE_OBJC_ARC = YES;
				CLANG_ENABLE_OBJC_WEAK = YES;
				CLANG_WARN_BLOCK_CAPTURE_AUTORELEASING = YES;
				CLANG_WARN_BOOL_CONVERSION = YES;
				CLANG_WARN_COMMA = YES;
				CLANG_WARN_CONSTANT_CONVERSION = YES;
				CLANG_WARN_DEPRECATED_OBJC_IMPLEMENTATIONS = YES;
				CLANG_WARN_DIRECT_OBJC_ISA_USAGE = YES_ERROR;
				CLANG_WARN_DOCUMENTATION_COMMENTS = YES;
				CLANG_WARN_EMPTY_BODY = YES;
				CLANG_WARN_ENUM_CONVERSION = YES;
				CLANG_WARN_INFINITE_RECURSION = YES;
				CLANG_WARN_INT_CONVERSION = YES;
				CLANG_WARN_NON_LITERAL_NULL_CONVERSION = YES;
				CLANG_WARN_OBJC_IMPLICIT_RETAIN_SELF = YES;
				CLANG_WARN_OBJC_LITERAL_CONVERSION = YES;
				CLANG_WARN_OBJC_ROOT_CLASS = YES_ERROR;
				CLANG_WARN_RANGE_LOOP_ANALYSIS = YES;
				CLANG_WARN_STRICT_PROTOTYPES = YES;
				CLANG_WARN_SUSPICIOUS_MOVE = YES;
				CLANG_WARN_UNGUARDED_AVAILABILITY = YES_AGGRESSIVE;
				CLANG_WARN_UNREACHABLE_CODE = YES;
				CLANG_WARN__DUPLICATE_METHOD_MATCH = YES;
				COPY_PHASE_STRIP = NO;
				DEBUG_INFORMATION_FORMAT = dwarf;
				ENABLE_STRICT_OBJC_MSGSEND = YES;
				ENABLE_TESTABILITY = YES;
				GCC_C_LANGUAGE_STANDARD = gnu11;
				GCC_DYNAMIC_NO_PIC = NO;
				GCC_NO_COMMON_BLOCKS = YES;
				GCC_OPTIMIZATION_LEVEL = 0;
				GCC_PREPROCESSOR_DEFINITIONS = (
					"DEBUG=1",
					"$(inherited)",
				);
				GCC_WARN_64_TO_32_BIT_CONVERSION = YES;
				GCC_WARN_ABOUT_RETURN_TYPE = YES_ERROR;
				GCC_WARN_UNDECLARED_SELECTOR = YES;
				GCC_WARN_UNINITIALIZED_AUTOS = YES_AGGRESSIVE;
				GCC_WARN_UNUSED_FUNCTION = YES;
				GCC_WARN_UNUSED_VARIABLE = YES;
				IPHONEOS_DEPLOYMENT_TARGET = 13.5;
				MTL_ENABLE_DEBUG_INFO = INCLUDE_SOURCE;
				MTL_FAST_MATH = YES;
				ONLY_ACTIVE_ARCH = YES;
				SDKROOT = iphoneos;
				SWIFT_ACTIVE_COMPILATION_CONDITIONS = DEBUG;
				SWIFT_OPTIMIZATION_LEVEL = "-Onone";
			};
			name = Debug;
		};
		D6543455249C4A2700320FA4 /* Release */ = {
			isa = XCBuildConfiguration;
			buildSettings = {
				ALWAYS_SEARCH_USER_PATHS = NO;
				CLANG_ANALYZER_NONNULL = YES;
				CLANG_ANALYZER_NUMBER_OBJECT_CONVERSION = YES_AGGRESSIVE;
				CLANG_CXX_LANGUAGE_STANDARD = "gnu++14";
				CLANG_CXX_LIBRARY = "libc++";
				CLANG_ENABLE_MODULES = YES;
				CLANG_ENABLE_OBJC_ARC = YES;
				CLANG_ENABLE_OBJC_WEAK = YES;
				CLANG_WARN_BLOCK_CAPTURE_AUTORELEASING = YES;
				CLANG_WARN_BOOL_CONVERSION = YES;
				CLANG_WARN_COMMA = YES;
				CLANG_WARN_CONSTANT_CONVERSION = YES;
				CLANG_WARN_DEPRECATED_OBJC_IMPLEMENTATIONS = YES;
				CLANG_WARN_DIRECT_OBJC_ISA_USAGE = YES_ERROR;
				CLANG_WARN_DOCUMENTATION_COMMENTS = YES;
				CLANG_WARN_EMPTY_BODY = YES;
				CLANG_WARN_ENUM_CONVERSION = YES;
				CLANG_WARN_INFINITE_RECURSION = YES;
				CLANG_WARN_INT_CONVERSION = YES;
				CLANG_WARN_NON_LITERAL_NULL_CONVERSION = YES;
				CLANG_WARN_OBJC_IMPLICIT_RETAIN_SELF = YES;
				CLANG_WARN_OBJC_LITERAL_CONVERSION = YES;
				CLANG_WARN_OBJC_ROOT_CLASS = YES_ERROR;
				CLANG_WARN_RANGE_LOOP_ANALYSIS = YES;
				CLANG_WARN_STRICT_PROTOTYPES = YES;
				CLANG_WARN_SUSPICIOUS_MOVE = YES;
				CLANG_WARN_UNGUARDED_AVAILABILITY = YES_AGGRESSIVE;
				CLANG_WARN_UNREACHABLE_CODE = YES;
				CLANG_WARN__DUPLICATE_METHOD_MATCH = YES;
				COPY_PHASE_STRIP = NO;
				DEBUG_INFORMATION_FORMAT = "dwarf-with-dsym";
				ENABLE_NS_ASSERTIONS = NO;
				ENABLE_STRICT_OBJC_MSGSEND = YES;
				GCC_C_LANGUAGE_STANDARD = gnu11;
				GCC_NO_COMMON_BLOCKS = YES;
				GCC_WARN_64_TO_32_BIT_CONVERSION = YES;
				GCC_WARN_ABOUT_RETURN_TYPE = YES_ERROR;
				GCC_WARN_UNDECLARED_SELECTOR = YES;
				GCC_WARN_UNINITIALIZED_AUTOS = YES_AGGRESSIVE;
				GCC_WARN_UNUSED_FUNCTION = YES;
				GCC_WARN_UNUSED_VARIABLE = YES;
				IPHONEOS_DEPLOYMENT_TARGET = 13.5;
				MTL_ENABLE_DEBUG_INFO = NO;
				MTL_FAST_MATH = YES;
				SDKROOT = iphoneos;
				SWIFT_COMPILATION_MODE = wholemodule;
				SWIFT_OPTIMIZATION_LEVEL = "-O";
				VALIDATE_PRODUCT = YES;
			};
			name = Release;
		};
		D6543457249C4A2700320FA4 /* Debug */ = {
			isa = XCBuildConfiguration;
			buildSettings = {
				ASSETCATALOG_COMPILER_APPICON_NAME = AppIcon;
				CODE_SIGN_STYLE = Automatic;
				DEVELOPMENT_TEAM = D49753ZB3N;
				INFOPLIST_FILE = MapAndWepKit/Info.plist;
				LD_RUNPATH_SEARCH_PATHS = (
					"$(inherited)",
					"@executable_path/Frameworks",
				);
				PRODUCT_BUNDLE_IDENTIFIER = test.MapAndWepKit;
				PRODUCT_NAME = "$(TARGET_NAME)";
				SWIFT_VERSION = 5.0;
				TARGETED_DEVICE_FAMILY = "1,2";
			};
			name = Debug;
		};
		D6543458249C4A2700320FA4 /* Release */ = {
			isa = XCBuildConfiguration;
			buildSettings = {
				ASSETCATALOG_COMPILER_APPICON_NAME = AppIcon;
				CODE_SIGN_STYLE = Automatic;
				DEVELOPMENT_TEAM = D49753ZB3N;
				INFOPLIST_FILE = MapAndWepKit/Info.plist;
				LD_RUNPATH_SEARCH_PATHS = (
					"$(inherited)",
					"@executable_path/Frameworks",
				);
				PRODUCT_BUNDLE_IDENTIFIER = test.MapAndWepKit;
				PRODUCT_NAME = "$(TARGET_NAME)";
				SWIFT_VERSION = 5.0;
				TARGETED_DEVICE_FAMILY = "1,2";
			};
			name = Release;
		};
		D654345A249C4A2700320FA4 /* Debug */ = {
			isa = XCBuildConfiguration;
			buildSettings = {
				ALWAYS_EMBED_SWIFT_STANDARD_LIBRARIES = YES;
				CODE_SIGN_STYLE = Automatic;
				DEVELOPMENT_TEAM = D49753ZB3N;
				INFOPLIST_FILE = MapAndWepKitUITests/Info.plist;
				LD_RUNPATH_SEARCH_PATHS = (
					"$(inherited)",
					"@executable_path/Frameworks",
					"@loader_path/Frameworks",
				);
				PRODUCT_BUNDLE_IDENTIFIER = test.MapAndWepKitUITests;
				PRODUCT_NAME = "$(TARGET_NAME)";
				SWIFT_VERSION = 5.0;
				TARGETED_DEVICE_FAMILY = "1,2";
				TEST_TARGET_NAME = MapAndWepKit;
			};
			name = Debug;
		};
		D654345B249C4A2700320FA4 /* Release */ = {
			isa = XCBuildConfiguration;
			buildSettings = {
				ALWAYS_EMBED_SWIFT_STANDARD_LIBRARIES = YES;
				CODE_SIGN_STYLE = Automatic;
				DEVELOPMENT_TEAM = D49753ZB3N;
				INFOPLIST_FILE = MapAndWepKitUITests/Info.plist;
				LD_RUNPATH_SEARCH_PATHS = (
					"$(inherited)",
					"@executable_path/Frameworks",
					"@loader_path/Frameworks",
				);
				PRODUCT_BUNDLE_IDENTIFIER = test.MapAndWepKitUITests;
				PRODUCT_NAME = "$(TARGET_NAME)";
				SWIFT_VERSION = 5.0;
				TARGETED_DEVICE_FAMILY = "1,2";
				TEST_TARGET_NAME = MapAndWepKit;
			};
			name = Release;
		};
/* End XCBuildConfiguration section */

/* Begin XCConfigurationList section */
		D6543432249C4A2400320FA4 /* Build configuration list for PBXProject "MapAndWepKit" */ = {
			isa = XCConfigurationList;
			buildConfigurations = (
				D6543454249C4A2700320FA4 /* Debug */,
				D6543455249C4A2700320FA4 /* Release */,
			);
			defaultConfigurationIsVisible = 0;
			defaultConfigurationName = Release;
		};
		D6543456249C4A2700320FA4 /* Build configuration list for PBXNativeTarget "MapAndWepKit" */ = {
			isa = XCConfigurationList;
			buildConfigurations = (
				D6543457249C4A2700320FA4 /* Debug */,
				D6543458249C4A2700320FA4 /* Release */,
			);
			defaultConfigurationIsVisible = 0;
			defaultConfigurationName = Release;
		};
		D6543459249C4A2700320FA4 /* Build configuration list for PBXNativeTarget "MapAndWepKitUITests" */ = {
			isa = XCConfigurationList;
			buildConfigurations = (
				D654345A249C4A2700320FA4 /* Debug */,
				D654345B249C4A2700320FA4 /* Release */,
			);
			defaultConfigurationIsVisible = 0;
			defaultConfigurationName = Release;
		};
/* End XCConfigurationList section */
	};
	rootObject = D654342F249C4A2400320FA4 /* Project object */;
}
