// !$*UTF8*$!
{
	archiveVersion = 1;
	classes = {
	};
	objectVersion = 50;
	objects = {

/* Begin PBXBuildFile section */
		1AECDC7FAF6B5E4B07AE18C4 /* Pods_HyunGG.framework in Frameworks */ = {isa = PBXBuildFile; fileRef = 4A920A9350C6CB762F339608 /* Pods_HyunGG.framework */; };
		D6044C2E255BCF13007AE5DD /* AppDelegate.swift in Sources */ = {isa = PBXBuildFile; fileRef = D6044C2D255BCF13007AE5DD /* AppDelegate.swift */; };
		D6044C32255BCF13007AE5DD /* ViewController.swift in Sources */ = {isa = PBXBuildFile; fileRef = D6044C31255BCF13007AE5DD /* ViewController.swift */; };
		D6044C35255BCF13007AE5DD /* Main.storyboard in Resources */ = {isa = PBXBuildFile; fileRef = D6044C33255BCF13007AE5DD /* Main.storyboard */; };
		D6044C37255BCF13007AE5DD /* Assets.xcassets in Resources */ = {isa = PBXBuildFile; fileRef = D6044C36255BCF13007AE5DD /* Assets.xcassets */; };
		D6044C3A255BCF13007AE5DD /* LaunchScreen.storyboard in Resources */ = {isa = PBXBuildFile; fileRef = D6044C38255BCF13007AE5DD /* LaunchScreen.storyboard */; };
/* End PBXBuildFile section */

/* Begin PBXFileReference section */
		3AB4255807A30F1A170B118A /* Pods-HyunGG.release.xcconfig */ = {isa = PBXFileReference; includeInIndex = 1; lastKnownFileType = text.xcconfig; name = "Pods-HyunGG.release.xcconfig"; path = "Target Support Files/Pods-HyunGG/Pods-HyunGG.release.xcconfig"; sourceTree = "<group>"; };
		4A920A9350C6CB762F339608 /* Pods_HyunGG.framework */ = {isa = PBXFileReference; explicitFileType = wrapper.framework; includeInIndex = 0; path = Pods_HyunGG.framework; sourceTree = BUILT_PRODUCTS_DIR; };
		D6044C2A255BCF13007AE5DD /* HyunGG.app */ = {isa = PBXFileReference; explicitFileType = wrapper.application; includeInIndex = 0; path = HyunGG.app; sourceTree = BUILT_PRODUCTS_DIR; };
		D6044C2D255BCF13007AE5DD /* AppDelegate.swift */ = {isa = PBXFileReference; lastKnownFileType = sourcecode.swift; path = AppDelegate.swift; sourceTree = "<group>"; };
		D6044C31255BCF13007AE5DD /* ViewController.swift */ = {isa = PBXFileReference; lastKnownFileType = sourcecode.swift; path = ViewController.swift; sourceTree = "<group>"; };
		D6044C34255BCF13007AE5DD /* Base */ = {isa = PBXFileReference; lastKnownFileType = file.storyboard; name = Base; path = Base.lproj/Main.storyboard; sourceTree = "<group>"; };
		D6044C36255BCF13007AE5DD /* Assets.xcassets */ = {isa = PBXFileReference; lastKnownFileType = folder.assetcatalog; path = Assets.xcassets; sourceTree = "<group>"; };
		D6044C39255BCF13007AE5DD /* Base */ = {isa = PBXFileReference; lastKnownFileType = file.storyboard; name = Base; path = Base.lproj/LaunchScreen.storyboard; sourceTree = "<group>"; };
		D6044C3B255BCF13007AE5DD /* Info.plist */ = {isa = PBXFileReference; lastKnownFileType = text.plist.xml; path = Info.plist; sourceTree = "<group>"; };
		FCFB1061E22C9A20C974F45F /* Pods-HyunGG.debug.xcconfig */ = {isa = PBXFileReference; includeInIndex = 1; lastKnownFileType = text.xcconfig; name = "Pods-HyunGG.debug.xcconfig"; path = "Target Support Files/Pods-HyunGG/Pods-HyunGG.debug.xcconfig"; sourceTree = "<group>"; };
/* End PBXFileReference section */

/* Begin PBXFrameworksBuildPhase section */
		D6044C27255BCF13007AE5DD /* Frameworks */ = {
			isa = PBXFrameworksBuildPhase;
			buildActionMask = 2147483647;
			files = (
				1AECDC7FAF6B5E4B07AE18C4 /* Pods_HyunGG.framework in Frameworks */,
			);
			runOnlyForDeploymentPostprocessing = 0;
		};
/* End PBXFrameworksBuildPhase section */

/* Begin PBXGroup section */
		292ECAE1ACCD2A74CE4CCC4E /* Pods */ = {
			isa = PBXGroup;
			children = (
				FCFB1061E22C9A20C974F45F /* Pods-HyunGG.debug.xcconfig */,
				3AB4255807A30F1A170B118A /* Pods-HyunGG.release.xcconfig */,
			);
			name = Pods;
			path = Pods;
			sourceTree = "<group>";
		};
		7198500EDE1F8232399C4257 /* Frameworks */ = {
			isa = PBXGroup;
			children = (
				4A920A9350C6CB762F339608 /* Pods_HyunGG.framework */,
			);
			name = Frameworks;
			sourceTree = "<group>";
		};
		D6044C21255BCF12007AE5DD = {
			isa = PBXGroup;
			children = (
				D6044C2C255BCF13007AE5DD /* HyunGG */,
				D6044C2B255BCF13007AE5DD /* Products */,
				292ECAE1ACCD2A74CE4CCC4E /* Pods */,
				7198500EDE1F8232399C4257 /* Frameworks */,
			);
			sourceTree = "<group>";
		};
		D6044C2B255BCF13007AE5DD /* Products */ = {
			isa = PBXGroup;
			children = (
				D6044C2A255BCF13007AE5DD /* HyunGG.app */,
			);
			name = Products;
			sourceTree = "<group>";
		};
		D6044C2C255BCF13007AE5DD /* HyunGG */ = {
			isa = PBXGroup;
			children = (
				D6044C2D255BCF13007AE5DD /* AppDelegate.swift */,
				D6044C31255BCF13007AE5DD /* ViewController.swift */,
				D6044C33255BCF13007AE5DD /* Main.storyboard */,
				D6044C36255BCF13007AE5DD /* Assets.xcassets */,
				D6044C38255BCF13007AE5DD /* LaunchScreen.storyboard */,
				D6044C3B255BCF13007AE5DD /* Info.plist */,
			);
			path = HyunGG;
			sourceTree = "<group>";
		};
/* End PBXGroup section */

/* Begin PBXNativeTarget section */
		D6044C29255BCF13007AE5DD /* HyunGG */ = {
			isa = PBXNativeTarget;
			buildConfigurationList = D6044C3E255BCF13007AE5DD /* Build configuration list for PBXNativeTarget "HyunGG" */;
			buildPhases = (
				0B465C66C8E481FA2B0AFBA8 /* [CP] Check Pods Manifest.lock */,
				D6044C26255BCF13007AE5DD /* Sources */,
				D6044C27255BCF13007AE5DD /* Frameworks */,
				D6044C28255BCF13007AE5DD /* Resources */,
				133CD9BE99406DC6BB261AA5 /* [CP] Embed Pods Frameworks */,
			);
			buildRules = (
			);
			dependencies = (
			);
			name = HyunGG;
			productName = HyunGG;
			productReference = D6044C2A255BCF13007AE5DD /* HyunGG.app */;
			productType = "com.apple.product-type.application";
		};
/* End PBXNativeTarget section */

/* Begin PBXProject section */
		D6044C22255BCF12007AE5DD /* Project object */ = {
			isa = PBXProject;
			attributes = {
				LastSwiftUpdateCheck = 1210;
				LastUpgradeCheck = 1210;
				TargetAttributes = {
					D6044C29255BCF13007AE5DD = {
						CreatedOnToolsVersion = 12.1;
					};
				};
			};
			buildConfigurationList = D6044C25255BCF12007AE5DD /* Build configuration list for PBXProject "HyunGG" */;
			compatibilityVersion = "Xcode 9.3";
			developmentRegion = en;
			hasScannedForEncodings = 0;
			knownRegions = (
				en,
				Base,
			);
			mainGroup = D6044C21255BCF12007AE5DD;
			productRefGroup = D6044C2B255BCF13007AE5DD /* Products */;
			projectDirPath = "";
			projectRoot = "";
			targets = (
				D6044C29255BCF13007AE5DD /* HyunGG */,
			);
		};
/* End PBXProject section */

/* Begin PBXResourcesBuildPhase section */
		D6044C28255BCF13007AE5DD /* Resources */ = {
			isa = PBXResourcesBuildPhase;
			buildActionMask = 2147483647;
			files = (
				D6044C3A255BCF13007AE5DD /* LaunchScreen.storyboard in Resources */,
				D6044C37255BCF13007AE5DD /* Assets.xcassets in Resources */,
				D6044C35255BCF13007AE5DD /* Main.storyboard in Resources */,
			);
			runOnlyForDeploymentPostprocessing = 0;
		};
/* End PBXResourcesBuildPhase section */

/* Begin PBXShellScriptBuildPhase section */
		0B465C66C8E481FA2B0AFBA8 /* [CP] Check Pods Manifest.lock */ = {
			isa = PBXShellScriptBuildPhase;
			buildActionMask = 2147483647;
			files = (
			);
			inputFileListPaths = (
			);
			inputPaths = (
				"${PODS_PODFILE_DIR_PATH}/Podfile.lock",
				"${PODS_ROOT}/Manifest.lock",
			);
			name = "[CP] Check Pods Manifest.lock";
			outputFileListPaths = (
			);
			outputPaths = (
				"$(DERIVED_FILE_DIR)/Pods-HyunGG-checkManifestLockResult.txt",
			);
			runOnlyForDeploymentPostprocessing = 0;
			shellPath = /bin/sh;
			shellScript = "diff \"${PODS_PODFILE_DIR_PATH}/Podfile.lock\" \"${PODS_ROOT}/Manifest.lock\" > /dev/null\nif [ $? != 0 ] ; then\n    # print error to STDERR\n    echo \"error: The sandbox is not in sync with the Podfile.lock. Run 'pod install' or update your CocoaPods installation.\" >&2\n    exit 1\nfi\n# This output is used by Xcode 'outputs' to avoid re-running this script phase.\necho \"SUCCESS\" > \"${SCRIPT_OUTPUT_FILE_0}\"\n";
			showEnvVarsInLog = 0;
		};
		133CD9BE99406DC6BB261AA5 /* [CP] Embed Pods Frameworks */ = {
			isa = PBXShellScriptBuildPhase;
			buildActionMask = 2147483647;
			files = (
			);
			inputFileListPaths = (
				"${PODS_ROOT}/Target Support Files/Pods-HyunGG/Pods-HyunGG-frameworks-${CONFIGURATION}-input-files.xcfilelist",
			);
			name = "[CP] Embed Pods Frameworks";
			outputFileListPaths = (
				"${PODS_ROOT}/Target Support Files/Pods-HyunGG/Pods-HyunGG-frameworks-${CONFIGURATION}-output-files.xcfilelist",
			);
			runOnlyForDeploymentPostprocessing = 0;
			shellPath = /bin/sh;
			shellScript = "\"${PODS_ROOT}/Target Support Files/Pods-HyunGG/Pods-HyunGG-frameworks.sh\"\n";
			showEnvVarsInLog = 0;
		};
/* End PBXShellScriptBuildPhase section */

/* Begin PBXSourcesBuildPhase section */
		D6044C26255BCF13007AE5DD /* Sources */ = {
			isa = PBXSourcesBuildPhase;
			buildActionMask = 2147483647;
			files = (
				D6044C32255BCF13007AE5DD /* ViewController.swift in Sources */,
				D6044C2E255BCF13007AE5DD /* AppDelegate.swift in Sources */,
			);
			runOnlyForDeploymentPostprocessing = 0;
		};
/* End PBXSourcesBuildPhase section */

/* Begin PBXVariantGroup section */
		D6044C33255BCF13007AE5DD /* Main.storyboard */ = {
			isa = PBXVariantGroup;
			children = (
				D6044C34255BCF13007AE5DD /* Base */,
			);
			name = Main.storyboard;
			sourceTree = "<group>";
		};
		D6044C38255BCF13007AE5DD /* LaunchScreen.storyboard */ = {
			isa = PBXVariantGroup;
			children = (
				D6044C39255BCF13007AE5DD /* Base */,
			);
			name = LaunchScreen.storyboard;
			sourceTree = "<group>";
		};
/* End PBXVariantGroup section */

/* Begin XCBuildConfiguration section */
		D6044C3C255BCF13007AE5DD /* Debug */ = {
			isa = XCBuildConfiguration;
			buildSettings = {
				ALWAYS_SEARCH_USER_PATHS = NO;
				CLANG_ANALYZER_NONNULL = YES;
				CLANG_ANALYZER_NUMBER_OBJECT_CONVERSION = YES_AGGRESSIVE;
				CLANG_CXX_LANGUAGE_STANDARD = "gnu++14";
				CLANG_CXX_LIBRARY = "libc++";
				CLANG_ENABLE_MODULES = YES;
				CLANG_ENABLE_OBJC_ARC = YES;
				CLANG_ENABLE_OBJC_WEAK = YES;
				CLANG_WARN_BLOCK_CAPTURE_AUTORELEASING = YES;
				CLANG_WARN_BOOL_CONVERSION = YES;
				CLANG_WARN_COMMA = YES;
				CLANG_WARN_CONSTANT_CONVERSION = YES;
				CLANG_WARN_DEPRECATED_OBJC_IMPLEMENTATIONS = YES;
				CLANG_WARN_DIRECT_OBJC_ISA_USAGE = YES_ERROR;
				CLANG_WARN_DOCUMENTATION_COMMENTS = YES;
				CLANG_WARN_EMPTY_BODY = YES;
				CLANG_WARN_ENUM_CONVERSION = YES;
				CLANG_WARN_INFINITE_RECURSION = YES;
				CLANG_WARN_INT_CONVERSION = YES;
				CLANG_WARN_NON_LITERAL_NULL_CONVERSION = YES;
				CLANG_WARN_OBJC_IMPLICIT_RETAIN_SELF = YES;
				CLANG_WARN_OBJC_LITERAL_CONVERSION = YES;
				CLANG_WARN_OBJC_ROOT_CLASS = YES_ERROR;
				CLANG_WARN_QUOTED_INCLUDE_IN_FRAMEWORK_HEADER = YES;
				CLANG_WARN_RANGE_LOOP_ANALYSIS = YES;
				CLANG_WARN_STRICT_PROTOTYPES = YES;
				CLANG_WARN_SUSPICIOUS_MOVE = YES;
				CLANG_WARN_UNGUARDED_AVAILABILITY = YES_AGGRESSIVE;
				CLANG_WARN_UNREACHABLE_CODE = YES;
				CLANG_WARN__DUPLICATE_METHOD_MATCH = YES;
				COPY_PHASE_STRIP = NO;
				DEBUG_INFORMATION_FORMAT = dwarf;
				ENABLE_STRICT_OBJC_MSGSEND = YES;
				ENABLE_TESTABILITY = YES;
				GCC_C_LANGUAGE_STANDARD = gnu11;
				GCC_DYNAMIC_NO_PIC = NO;
				GCC_NO_COMMON_BLOCKS = YES;
				GCC_OPTIMIZATION_LEVEL = 0;
				GCC_PREPROCESSOR_DEFINITIONS = (
					"DEBUG=1",
					"$(inherited)",
				);
				GCC_WARN_64_TO_32_BIT_CONVERSION = YES;
				GCC_WARN_ABOUT_RETURN_TYPE = YES_ERROR;
				GCC_WARN_UNDECLARED_SELECTOR = YES;
				GCC_WARN_UNINITIALIZED_AUTOS = YES_AGGRESSIVE;
				GCC_WARN_UNUSED_FUNCTION = YES;
				GCC_WARN_UNUSED_VARIABLE = YES;
				IPHONEOS_DEPLOYMENT_TARGET = 14.1;
				MTL_ENABLE_DEBUG_INFO = INCLUDE_SOURCE;
				MTL_FAST_MATH = YES;
				ONLY_ACTIVE_ARCH = YES;
				SDKROOT = iphoneos;
				SWIFT_ACTIVE_COMPILATION_CONDITIONS = DEBUG;
				SWIFT_OPTIMIZATION_LEVEL = "-Onone";
			};
			name = Debug;
		};
		D6044C3D255BCF13007AE5DD /* Release */ = {
			isa = XCBuildConfiguration;
			buildSettings = {
				ALWAYS_SEARCH_USER_PATHS = NO;
				CLANG_ANALYZER_NONNULL = YES;
				CLANG_ANALYZER_NUMBER_OBJECT_CONVERSION = YES_AGGRESSIVE;
				CLANG_CXX_LANGUAGE_STANDARD = "gnu++14";
				CLANG_CXX_LIBRARY = "libc++";
				CLANG_ENABLE_MODULES = YES;
				CLANG_ENABLE_OBJC_ARC = YES;
				CLANG_ENABLE_OBJC_WEAK = YES;
				CLANG_WARN_BLOCK_CAPTURE_AUTORELEASING = YES;
				CLANG_WARN_BOOL_CONVERSION = YES;
				CLANG_WARN_COMMA = YES;
				CLANG_WARN_CONSTANT_CONVERSION = YES;
				CLANG_WARN_DEPRECATED_OBJC_IMPLEMENTATIONS = YES;
				CLANG_WARN_DIRECT_OBJC_ISA_USAGE = YES_ERROR;
				CLANG_WARN_DOCUMENTATION_COMMENTS = YES;
				CLANG_WARN_EMPTY_BODY = YES;
				CLANG_WARN_ENUM_CONVERSION = YES;
				CLANG_WARN_INFINITE_RECURSION = YES;
				CLANG_WARN_INT_CONVERSION = YES;
				CLANG_WARN_NON_LITERAL_NULL_CONVERSION = YES;
				CLANG_WARN_OBJC_IMPLICIT_RETAIN_SELF = YES;
				CLANG_WARN_OBJC_LITERAL_CONVERSION = YES;
				CLANG_WARN_OBJC_ROOT_CLASS = YES_ERROR;
				CLANG_WARN_QUOTED_INCLUDE_IN_FRAMEWORK_HEADER = YES;
				CLANG_WARN_RANGE_LOOP_ANALYSIS = YES;
				CLANG_WARN_STRICT_PROTOTYPES = YES;
				CLANG_WARN_SUSPICIOUS_MOVE = YES;
				CLANG_WARN_UNGUARDED_AVAILABILITY = YES_AGGRESSIVE;
				CLANG_WARN_UNREACHABLE_CODE = YES;
				CLANG_WARN__DUPLICATE_METHOD_MATCH = YES;
				COPY_PHASE_STRIP = NO;
				DEBUG_INFORMATION_FORMAT = "dwarf-with-dsym";
				ENABLE_NS_ASSERTIONS = NO;
				ENABLE_STRICT_OBJC_MSGSEND = YES;
				GCC_C_LANGUAGE_STANDARD = gnu11;
				GCC_NO_COMMON_BLOCKS = YES;
				GCC_WARN_64_TO_32_BIT_CONVERSION = YES;
				GCC_WARN_ABOUT_RETURN_TYPE = YES_ERROR;
				GCC_WARN_UNDECLARED_SELECTOR = YES;
				GCC_WARN_UNINITIALIZED_AUTOS = YES_AGGRESSIVE;
				GCC_WARN_UNUSED_FUNCTION = YES;
				GCC_WARN_UNUSED_VARIABLE = YES;
				IPHONEOS_DEPLOYMENT_TARGET = 14.1;
				MTL_ENABLE_DEBUG_INFO = NO;
				MTL_FAST_MATH = YES;
				SDKROOT = iphoneos;
				SWIFT_COMPILATION_MODE = wholemodule;
				SWIFT_OPTIMIZATION_LEVEL = "-O";
				VALIDATE_PRODUCT = YES;
			};
			name = Release;
		};
		D6044C3F255BCF13007AE5DD /* Debug */ = {
			isa = XCBuildConfiguration;
			baseConfigurationReference = FCFB1061E22C9A20C974F45F /* Pods-HyunGG.debug.xcconfig */;
			buildSettings = {
				ASSETCATALOG_COMPILER_APPICON_NAME = AppIcon;
				ASSETCATALOG_COMPILER_GLOBAL_ACCENT_COLOR_NAME = AccentColor;
				CODE_SIGN_STYLE = Automatic;
				DEVELOPMENT_TEAM = D49753ZB3N;
				INFOPLIST_FILE = HyunGG/Info.plist;
				LD_RUNPATH_SEARCH_PATHS = (
					"$(inherited)",
					"@executable_path/Frameworks",
				);
				PRODUCT_BUNDLE_IDENTIFIER = personal.HyunGG;
				PRODUCT_NAME = "$(TARGET_NAME)";
				SWIFT_VERSION = 5.0;
				TARGETED_DEVICE_FAMILY = "1,2";
			};
			name = Debug;
		};
		D6044C40255BCF13007AE5DD /* Release */ = {
			isa = XCBuildConfiguration;
			baseConfigurationReference = 3AB4255807A30F1A170B118A /* Pods-HyunGG.release.xcconfig */;
			buildSettings = {
				ASSETCATALOG_COMPILER_APPICON_NAME = AppIcon;
				ASSETCATALOG_COMPILER_GLOBAL_ACCENT_COLOR_NAME = AccentColor;
				CODE_SIGN_STYLE = Automatic;
				DEVELOPMENT_TEAM = D49753ZB3N;
				INFOPLIST_FILE = HyunGG/Info.plist;
				LD_RUNPATH_SEARCH_PATHS = (
					"$(inherited)",
					"@executable_path/Frameworks",
				);
				PRODUCT_BUNDLE_IDENTIFIER = personal.HyunGG;
				PRODUCT_NAME = "$(TARGET_NAME)";
				SWIFT_VERSION = 5.0;
				TARGETED_DEVICE_FAMILY = "1,2";
			};
			name = Release;
		};
/* End XCBuildConfiguration section */

/* Begin XCConfigurationList section */
		D6044C25255BCF12007AE5DD /* Build configuration list for PBXProject "HyunGG" */ = {
			isa = XCConfigurationList;
			buildConfigurations = (
				D6044C3C255BCF13007AE5DD /* Debug */,
				D6044C3D255BCF13007AE5DD /* Release */,
			);
			defaultConfigurationIsVisible = 0;
			defaultConfigurationName = Release;
		};
		D6044C3E255BCF13007AE5DD /* Build configuration list for PBXNativeTarget "HyunGG" */ = {
			isa = XCConfigurationList;
			buildConfigurations = (
				D6044C3F255BCF13007AE5DD /* Debug */,
				D6044C40255BCF13007AE5DD /* Release */,
			);
			defaultConfigurationIsVisible = 0;
			defaultConfigurationName = Release;
		};
/* End XCConfigurationList section */
	};
	rootObject = D6044C22255BCF12007AE5DD /* Project object */;
}
